
Microsoft Visual Studio Solution File, Format Version 12.00
Project("{FAE04EC0-301F-11D3-BF4B-00C04F79EFBC}") = "GrpcServer", "GrpcServer\GrpcServer.csproj", "{DCF09365-E463-4342-A534-B5B6A8ED2352}"
EndProject
Global
	GlobalSection(SolutionConfigurationPlatforms) = preSolution
		Debug|Any CPU = Debug|Any CPU
		Release|Any CPU = Release|Any CPU
	EndGlobalSection
	GlobalSection(ProjectConfigurationPlatforms) = postSolution
		{DCF09365-E463-4342-A534-B5B6A8ED2352}.Debug|Any CPU.ActiveCfg = Debug|Any CPU
		{DCF09365-E463-4342-A534-B5B6A8ED2352}.Debug|Any CPU.Build.0 = Debug|Any CPU
		{DCF09365-E463-4342-A534-B5B6A8ED2352}.Release|Any CPU.ActiveCfg = Release|Any CPU
		{DCF09365-E463-4342-A534-B5B6A8ED2352}.Release|Any CPU.Build.0 = Release|Any CPU
	EndGlobalSection
EndGlobal
